{
    "version": 3,
    "terraform_version": "0.10.6",
    "serial": 23,
    "lineage": "b2559c40-40b0-402d-b0d7-55f7bac7cae2",
    "modules": [
        {
            "path": [
                "root"
            ],
            "outputs": {},
            "resources": {
                "vsphere_folder.test": {
                    "type": "vsphere_folder",
                    "depends_on": [],
                    "primary": {
                        "id": "taiping/jeff_test1",
                        "attributes": {
                            "datacenter": "taiping",
                            "existing_path": "",
                            "id": "taiping/jeff_test1",
                            "path": "jeff_test1"
                        },
                        "meta": {},
                        "tainted": false
                    },
                    "deposed": [],
                    "provider": ""
                }
            },
            "depends_on": []
        },
        {
            "path": [
                "root",
                "test"
            ],
            "outputs": {},
            "resources": {
                "vsphere_virtual_machine.etcd": {
                    "type": "vsphere_virtual_machine",
                    "depends_on": [],
                    "primary": {
                        "id": "jeff_test1/taiping-coreos-test-1",
                        "attributes": {
                            "annotation": "",
                            "cluster": "production",
                            "datacenter": "taiping",
                            "detach_unknown_disks_on_delete": "false",
                            "disk.#": "1",
                            "disk.1363306933.bootable": "false",
                            "disk.1363306933.controller_type": "scsi",
                            "disk.1363306933.datastore": "tp_NetApp_flra_vmware",
                            "disk.1363306933.iops": "0",
                            "disk.1363306933.keep_on_remove": "false",
                            "disk.1363306933.key": "2000",
                            "disk.1363306933.name": "vmdk-etcd-test",
                            "disk.1363306933.size": "16",
                            "disk.1363306933.template": "",
                            "disk.1363306933.type": "thin",
                            "disk.1363306933.uuid": "6000C291-9a63-e455-e12e-673e8a8849a3",
                            "disk.1363306933.vmdk": "",
                            "dns_servers.#": "2",
                            "dns_servers.0": "8.8.8.8",
                            "dns_servers.1": "168.95.1.1",
                            "domain": "cvl.com.tw",
                            "enable_disk_uuid": "false",
                            "folder": "jeff_test1",
                            "id": "jeff_test1/taiping-coreos-test-1",
                            "linked_clone": "false",
                            "memory": "1024",
                            "memory_reservation": "0",
                            "moid": "vm-92762",
                            "name": "taiping-coreos-test-1",
                            "network_interface.#": "1",
                            "network_interface.0.adapter_type": "",
                            "network_interface.0.ip_address": "",
                            "network_interface.0.ipv4_address": "10.5.1.162",
                            "network_interface.0.ipv4_gateway": "10.5.1.5",
                            "network_interface.0.ipv4_prefix_length": "24",
                            "network_interface.0.ipv6_address": "",
                            "network_interface.0.ipv6_gateway": "",
                            "network_interface.0.ipv6_prefix_length": "0",
                            "network_interface.0.key": "4000",
                            "network_interface.0.label": "vlan501",
                            "network_interface.0.mac_address": "00:50:56:af:06:d1",
                            "network_interface.0.subnet_mask": "",
                            "power_state": "poweredOn",
                            "skip_customization": "false",
                            "time_zone": "Asia/Taipei",
                            "uuid": "422f68d9-e184-e2d1-ef51-5f2320b7bb66",
                            "vcpu": "1",
                            "wait_for_guest_net": "true"
                        },
                        "meta": {
                            "schema_version": "1"
                        },
                        "tainted": false
                    },
                    "deposed": [],
                    "provider": ""
                }
            },
            "depends_on": []
        }
    ]
}
